// !$*UTF8*$!
{
	archiveVersion = 1;
	classes = {
	};
	objectVersion = 55;
	objects = {

/* Begin PBXBuildFile section */
		3BD5B246BC738434AC83037A /* Pods_DavidSwiftDemo.framework in Frameworks */ = {isa = PBXBuildFile; fileRef = 360DE3351351891ED8EE5D3C /* Pods_DavidSwiftDemo.framework */; };
		A3F9F3ACEDC41E674CF8D2BD /* Pods_DavidSwiftDemo_DavidSwiftDemoUITests.framework in Frameworks */ = {isa = PBXBuildFile; fileRef = 0966C5770E540000B16C5F3C /* Pods_DavidSwiftDemo_DavidSwiftDemoUITests.framework */; };
		A5B2C1CE288A9C8800932CF4 /* AppDelegate.swift in Sources */ = {isa = PBXBuildFile; fileRef = A5B2C1CD288A9C8800932CF4 /* AppDelegate.swift */; };
		A5B2C1D0288A9C8800932CF4 /* SceneDelegate.swift in Sources */ = {isa = PBXBuildFile; fileRef = A5B2C1CF288A9C8800932CF4 /* SceneDelegate.swift */; };
		A5B2C1D2288A9C8800932CF4 /* ViewController.swift in Sources */ = {isa = PBXBuildFile; fileRef = A5B2C1D1288A9C8800932CF4 /* ViewController.swift */; };
		A5B2C1D5288A9C8800932CF4 /* Main.storyboard in Resources */ = {isa = PBXBuildFile; fileRef = A5B2C1D3288A9C8800932CF4 /* Main.storyboard */; };
		A5B2C1D7288A9C8A00932CF4 /* Assets.xcassets in Resources */ = {isa = PBXBuildFile; fileRef = A5B2C1D6288A9C8A00932CF4 /* Assets.xcassets */; };
		A5B2C1DA288A9C8A00932CF4 /* LaunchScreen.storyboard in Resources */ = {isa = PBXBuildFile; fileRef = A5B2C1D8288A9C8A00932CF4 /* LaunchScreen.storyboard */; };
		A5B2C1E5288A9C8A00932CF4 /* DavidSwiftDemoTests.swift in Sources */ = {isa = PBXBuildFile; fileRef = A5B2C1E4288A9C8A00932CF4 /* DavidSwiftDemoTests.swift */; };
		A5B2C1EF288A9C8A00932CF4 /* DavidSwiftDemoUITests.swift in Sources */ = {isa = PBXBuildFile; fileRef = A5B2C1EE288A9C8A00932CF4 /* DavidSwiftDemoUITests.swift */; };
		A5B2C1F1288A9C8A00932CF4 /* DavidSwiftDemoUITestsLaunchTests.swift in Sources */ = {isa = PBXBuildFile; fileRef = A5B2C1F0288A9C8A00932CF4 /* DavidSwiftDemoUITestsLaunchTests.swift */; };
		A93275365235DD6EFFF35A2F /* Pods_DavidSwiftDemoTests.framework in Frameworks */ = {isa = PBXBuildFile; fileRef = 5ABA3544448FCBD5ADC2194B /* Pods_DavidSwiftDemoTests.framework */; };
/* End PBXBuildFile section */

/* Begin PBXContainerItemProxy section */
		A5B2C1E1288A9C8A00932CF4 /* PBXContainerItemProxy */ = {
			isa = PBXContainerItemProxy;
			containerPortal = A5B2C1C2288A9C8800932CF4 /* Project object */;
			proxyType = 1;
			remoteGlobalIDString = A5B2C1C9288A9C8800932CF4;
			remoteInfo = DavidSwiftDemo;
		};
		A5B2C1EB288A9C8A00932CF4 /* PBXContainerItemProxy */ = {
			isa = PBXContainerItemProxy;
			containerPortal = A5B2C1C2288A9C8800932CF4 /* Project object */;
			proxyType = 1;
			remoteGlobalIDString = A5B2C1C9288A9C8800932CF4;
			remoteInfo = DavidSwiftDemo;
		};
/* End PBXContainerItemProxy section */

/* Begin PBXFileReference section */
		0966C5770E540000B16C5F3C /* Pods_DavidSwiftDemo_DavidSwiftDemoUITests.framework */ = {isa = PBXFileReference; explicitFileType = wrapper.framework; includeInIndex = 0; path = Pods_DavidSwiftDemo_DavidSwiftDemoUITests.framework; sourceTree = BUILT_PRODUCTS_DIR; };
		171E626C69DF188558AB3C19 /* Pods-DavidSwiftDemo-DavidSwiftDemoTests.debug.xcconfig */ = {isa = PBXFileReference; includeInIndex = 1; lastKnownFileType = text.xcconfig; name = "Pods-DavidSwiftDemo-DavidSwiftDemoTests.debug.xcconfig"; path = "Target Support Files/Pods-DavidSwiftDemo-DavidSwiftDemoTests/Pods-DavidSwiftDemo-DavidSwiftDemoTests.debug.xcconfig"; sourceTree = "<group>"; };
		29941D4D6BAB90B74E0C4A43 /* Pods-DavidSwiftDemo-DavidSwiftDemoUITests.release.xcconfig */ = {isa = PBXFileReference; includeInIndex = 1; lastKnownFileType = text.xcconfig; name = "Pods-DavidSwiftDemo-DavidSwiftDemoUITests.release.xcconfig"; path = "Target Support Files/Pods-DavidSwiftDemo-DavidSwiftDemoUITests/Pods-DavidSwiftDemo-DavidSwiftDemoUITests.release.xcconfig"; sourceTree = "<group>"; };
		360DE3351351891ED8EE5D3C /* Pods_DavidSwiftDemo.framework */ = {isa = PBXFileReference; explicitFileType = wrapper.framework; includeInIndex = 0; path = Pods_DavidSwiftDemo.framework; sourceTree = BUILT_PRODUCTS_DIR; };
		3F790499DD7E917988FF371D /* Pods-DavidSwiftDemo-DavidSwiftDemoUITests.debug.xcconfig */ = {isa = PBXFileReference; includeInIndex = 1; lastKnownFileType = text.xcconfig; name = "Pods-DavidSwiftDemo-DavidSwiftDemoUITests.debug.xcconfig"; path = "Target Support Files/Pods-DavidSwiftDemo-DavidSwiftDemoUITests/Pods-DavidSwiftDemo-DavidSwiftDemoUITests.debug.xcconfig"; sourceTree = "<group>"; };
		5ABA3544448FCBD5ADC2194B /* Pods_DavidSwiftDemoTests.framework */ = {isa = PBXFileReference; explicitFileType = wrapper.framework; includeInIndex = 0; path = Pods_DavidSwiftDemoTests.framework; sourceTree = BUILT_PRODUCTS_DIR; };
		6439D9BD0CB2EC98359EF793 /* Pods-DavidSwiftDemo-DavidSwiftDemoTests.release.xcconfig */ = {isa = PBXFileReference; includeInIndex = 1; lastKnownFileType = text.xcconfig; name = "Pods-DavidSwiftDemo-DavidSwiftDemoTests.release.xcconfig"; path = "Target Support Files/Pods-DavidSwiftDemo-DavidSwiftDemoTests/Pods-DavidSwiftDemo-DavidSwiftDemoTests.release.xcconfig"; sourceTree = "<group>"; };
		921D477E8F0B88CDCD4BF6E2 /* Pods-DavidSwiftDemoTests.debug.xcconfig */ = {isa = PBXFileReference; includeInIndex = 1; lastKnownFileType = text.xcconfig; name = "Pods-DavidSwiftDemoTests.debug.xcconfig"; path = "Target Support Files/Pods-DavidSwiftDemoTests/Pods-DavidSwiftDemoTests.debug.xcconfig"; sourceTree = "<group>"; };
		A5B2C1CA288A9C8800932CF4 /* DavidSwiftDemo.app */ = {isa = PBXFileReference; explicitFileType = wrapper.application; includeInIndex = 0; path = DavidSwiftDemo.app; sourceTree = BUILT_PRODUCTS_DIR; };
		A5B2C1CD288A9C8800932CF4 /* AppDelegate.swift */ = {isa = PBXFileReference; lastKnownFileType = sourcecode.swift; path = AppDelegate.swift; sourceTree = "<group>"; };
		A5B2C1CF288A9C8800932CF4 /* SceneDelegate.swift */ = {isa = PBXFileReference; lastKnownFileType = sourcecode.swift; path = SceneDelegate.swift; sourceTree = "<group>"; };
		A5B2C1D1288A9C8800932CF4 /* ViewController.swift */ = {isa = PBXFileReference; lastKnownFileType = sourcecode.swift; path = ViewController.swift; sourceTree = "<group>"; };
		A5B2C1D4288A9C8800932CF4 /* Base */ = {isa = PBXFileReference; lastKnownFileType = file.storyboard; name = Base; path = Base.lproj/Main.storyboard; sourceTree = "<group>"; };
		A5B2C1D6288A9C8A00932CF4 /* Assets.xcassets */ = {isa = PBXFileReference; lastKnownFileType = folder.assetcatalog; path = Assets.xcassets; sourceTree = "<group>"; };
		A5B2C1D9288A9C8A00932CF4 /* Base */ = {isa = PBXFileReference; lastKnownFileType = file.storyboard; name = Base; path = Base.lproj/LaunchScreen.storyboard; sourceTree = "<group>"; };
		A5B2C1DB288A9C8A00932CF4 /* Info.plist */ = {isa = PBXFileReference; lastKnownFileType = text.plist.xml; path = Info.plist; sourceTree = "<group>"; };
		A5B2C1E0288A9C8A00932CF4 /* DavidSwiftDemoTests.xctest */ = {isa = PBXFileReference; explicitFileType = wrapper.cfbundle; includeInIndex = 0; path = DavidSwiftDemoTests.xctest; sourceTree = BUILT_PRODUCTS_DIR; };
		A5B2C1E4288A9C8A00932CF4 /* DavidSwiftDemoTests.swift */ = {isa = PBXFileReference; lastKnownFileType = sourcecode.swift; path = DavidSwiftDemoTests.swift; sourceTree = "<group>"; };
		A5B2C1EA288A9C8A00932CF4 /* DavidSwiftDemoUITests.xctest */ = {isa = PBXFileReference; explicitFileType = wrapper.cfbundle; includeInIndex = 0; path = DavidSwiftDemoUITests.xctest; sourceTree = BUILT_PRODUCTS_DIR; };
		A5B2C1EE288A9C8A00932CF4 /* DavidSwiftDemoUITests.swift */ = {isa = PBXFileReference; lastKnownFileType = sourcecode.swift; path = DavidSwiftDemoUITests.swift; sourceTree = "<group>"; };
		A5B2C1F0288A9C8A00932CF4 /* DavidSwiftDemoUITestsLaunchTests.swift */ = {isa = PBXFileReference; lastKnownFileType = sourcecode.swift; path = DavidSwiftDemoUITestsLaunchTests.swift; sourceTree = "<group>"; };
		C039EDC27883AEA469609744 /* Pods-DavidSwiftDemo.debug.xcconfig */ = {isa = PBXFileReference; includeInIndex = 1; lastKnownFileType = text.xcconfig; name = "Pods-DavidSwiftDemo.debug.xcconfig"; path = "Target Support Files/Pods-DavidSwiftDemo/Pods-DavidSwiftDemo.debug.xcconfig"; sourceTree = "<group>"; };
		DD2C9FD93BE4E7E03DA99D64 /* Pods-DavidSwiftDemoTests.release.xcconfig */ = {isa = PBXFileReference; includeInIndex = 1; lastKnownFileType = text.xcconfig; name = "Pods-DavidSwiftDemoTests.release.xcconfig"; path = "Target Support Files/Pods-DavidSwiftDemoTests/Pods-DavidSwiftDemoTests.release.xcconfig"; sourceTree = "<group>"; };
		F7D06971369228842ACD0E00 /* Pods-DavidSwiftDemo.release.xcconfig */ = {isa = PBXFileReference; includeInIndex = 1; lastKnownFileType = text.xcconfig; name = "Pods-DavidSwiftDemo.release.xcconfig"; path = "Target Support Files/Pods-DavidSwiftDemo/Pods-DavidSwiftDemo.release.xcconfig"; sourceTree = "<group>"; };
/* End PBXFileReference section */

/* Begin PBXFrameworksBuildPhase section */
		A5B2C1C7288A9C8800932CF4 /* Frameworks */ = {
			isa = PBXFrameworksBuildPhase;
			buildActionMask = 2147483647;
			files = (
				3BD5B246BC738434AC83037A /* Pods_DavidSwiftDemo.framework in Frameworks */,
			);
			runOnlyForDeploymentPostprocessing = 0;
		};
		A5B2C1DD288A9C8A00932CF4 /* Frameworks */ = {
			isa = PBXFrameworksBuildPhase;
			buildActionMask = 2147483647;
			files = (
				A93275365235DD6EFFF35A2F /* Pods_DavidSwiftDemoTests.framework in Frameworks */,
			);
			runOnlyForDeploymentPostprocessing = 0;
		};
		A5B2C1E7288A9C8A00932CF4 /* Frameworks */ = {
			isa = PBXFrameworksBuildPhase;
			buildActionMask = 2147483647;
			files = (
				A3F9F3ACEDC41E674CF8D2BD /* Pods_DavidSwiftDemo_DavidSwiftDemoUITests.framework in Frameworks */,
			);
			runOnlyForDeploymentPostprocessing = 0;
		};
/* End PBXFrameworksBuildPhase section */

/* Begin PBXGroup section */
		6E4B7093F23598DF5523C017 /* Frameworks */ = {
			isa = PBXGroup;
			children = (
				360DE3351351891ED8EE5D3C /* Pods_DavidSwiftDemo.framework */,
				0966C5770E540000B16C5F3C /* Pods_DavidSwiftDemo_DavidSwiftDemoUITests.framework */,
				5ABA3544448FCBD5ADC2194B /* Pods_DavidSwiftDemoTests.framework */,
			);
			name = Frameworks;
			sourceTree = "<group>";
		};
		A5B2C1C1288A9C8800932CF4 = {
			isa = PBXGroup;
			children = (
				A5B2C1CC288A9C8800932CF4 /* DavidSwiftDemo */,
				A5B2C1E3288A9C8A00932CF4 /* DavidSwiftDemoTests */,
				A5B2C1ED288A9C8A00932CF4 /* DavidSwiftDemoUITests */,
				A5B2C1CB288A9C8800932CF4 /* Products */,
				E735F32959758355E432D026 /* Pods */,
				6E4B7093F23598DF5523C017 /* Frameworks */,
			);
			sourceTree = "<group>";
		};
		A5B2C1CB288A9C8800932CF4 /* Products */ = {
			isa = PBXGroup;
			children = (
				A5B2C1CA288A9C8800932CF4 /* DavidSwiftDemo.app */,
				A5B2C1E0288A9C8A00932CF4 /* DavidSwiftDemoTests.xctest */,
				A5B2C1EA288A9C8A00932CF4 /* DavidSwiftDemoUITests.xctest */,
			);
			name = Products;
			sourceTree = "<group>";
		};
		A5B2C1CC288A9C8800932CF4 /* DavidSwiftDemo */ = {
			isa = PBXGroup;
			children = (
				A5B2C1CD288A9C8800932CF4 /* AppDelegate.swift */,
				A5B2C1CF288A9C8800932CF4 /* SceneDelegate.swift */,
				A5B2C1D1288A9C8800932CF4 /* ViewController.swift */,
				A5B2C1D3288A9C8800932CF4 /* Main.storyboard */,
				A5B2C1D6288A9C8A00932CF4 /* Assets.xcassets */,
				A5B2C1D8288A9C8A00932CF4 /* LaunchScreen.storyboard */,
				A5B2C1DB288A9C8A00932CF4 /* Info.plist */,
			);
			path = DavidSwiftDemo;
			sourceTree = "<group>";
		};
		A5B2C1E3288A9C8A00932CF4 /* DavidSwiftDemoTests */ = {
			isa = PBXGroup;
			children = (
				A5B2C1E4288A9C8A00932CF4 /* DavidSwiftDemoTests.swift */,
			);
			path = DavidSwiftDemoTests;
			sourceTree = "<group>";
		};
		A5B2C1ED288A9C8A00932CF4 /* DavidSwiftDemoUITests */ = {
			isa = PBXGroup;
			children = (
				A5B2C1EE288A9C8A00932CF4 /* DavidSwiftDemoUITests.swift */,
				A5B2C1F0288A9C8A00932CF4 /* DavidSwiftDemoUITestsLaunchTests.swift */,
			);
			path = DavidSwiftDemoUITests;
			sourceTree = "<group>";
		};
		E735F32959758355E432D026 /* Pods */ = {
			isa = PBXGroup;
			children = (
				C039EDC27883AEA469609744 /* Pods-DavidSwiftDemo.debug.xcconfig */,
				F7D06971369228842ACD0E00 /* Pods-DavidSwiftDemo.release.xcconfig */,
				3F790499DD7E917988FF371D /* Pods-DavidSwiftDemo-DavidSwiftDemoUITests.debug.xcconfig */,
				29941D4D6BAB90B74E0C4A43 /* Pods-DavidSwiftDemo-DavidSwiftDemoUITests.release.xcconfig */,
				921D477E8F0B88CDCD4BF6E2 /* Pods-DavidSwiftDemoTests.debug.xcconfig */,
				DD2C9FD93BE4E7E03DA99D64 /* Pods-DavidSwiftDemoTests.release.xcconfig */,
				171E626C69DF188558AB3C19 /* Pods-DavidSwiftDemo-DavidSwiftDemoTests.debug.xcconfig */,
				6439D9BD0CB2EC98359EF793 /* Pods-DavidSwiftDemo-DavidSwiftDemoTests.release.xcconfig */,
			);
			path = Pods;
			sourceTree = "<group>";
		};
/* End PBXGroup section */

/* Begin PBXNativeTarget section */
		A5B2C1C9288A9C8800932CF4 /* DavidSwiftDemo */ = {
			isa = PBXNativeTarget;
			buildConfigurationList = A5B2C1F4288A9C8A00932CF4 /* Build configuration list for PBXNativeTarget "DavidSwiftDemo" */;
			buildPhases = (
				03204B1D6C5CE2415397B81A /* [CP] Check Pods Manifest.lock */,
				A5B2C1C6288A9C8800932CF4 /* Sources */,
				A5B2C1C7288A9C8800932CF4 /* Frameworks */,
				A5B2C1C8288A9C8800932CF4 /* Resources */,
				BA097B5E8BC42F6C470E2BBF /* [CP] Embed Pods Frameworks */,
			);
			buildRules = (
			);
			dependencies = (
			);
			name = DavidSwiftDemo;
			productName = DavidSwiftDemo;
			productReference = A5B2C1CA288A9C8800932CF4 /* DavidSwiftDemo.app */;
			productType = "com.apple.product-type.application";
		};
		A5B2C1DF288A9C8A00932CF4 /* DavidSwiftDemoTests */ = {
			isa = PBXNativeTarget;
			buildConfigurationList = A5B2C1F7288A9C8A00932CF4 /* Build configuration list for PBXNativeTarget "DavidSwiftDemoTests" */;
			buildPhases = (
				CE53DD71C7FD1B336DCD13CC /* [CP] Check Pods Manifest.lock */,
				A5B2C1DC288A9C8A00932CF4 /* Sources */,
				A5B2C1DD288A9C8A00932CF4 /* Frameworks */,
				A5B2C1DE288A9C8A00932CF4 /* Resources */,
			);
			buildRules = (
			);
			dependencies = (
				A5B2C1E2288A9C8A00932CF4 /* PBXTargetDependency */,
			);
			name = DavidSwiftDemoTests;
			productName = DavidSwiftDemoTests;
			productReference = A5B2C1E0288A9C8A00932CF4 /* DavidSwiftDemoTests.xctest */;
			productType = "com.apple.product-type.bundle.unit-test";
		};
		A5B2C1E9288A9C8A00932CF4 /* DavidSwiftDemoUITests */ = {
			isa = PBXNativeTarget;
			buildConfigurationList = A5B2C1FA288A9C8A00932CF4 /* Build configuration list for PBXNativeTarget "DavidSwiftDemoUITests" */;
			buildPhases = (
				6EA72D0099B1F286635E2705 /* [CP] Check Pods Manifest.lock */,
				A5B2C1E6288A9C8A00932CF4 /* Sources */,
				A5B2C1E7288A9C8A00932CF4 /* Frameworks */,
				A5B2C1E8288A9C8A00932CF4 /* Resources */,
				FDB3EC9F5060ABF5DB41F77D /* [CP] Embed Pods Frameworks */,
			);
			buildRules = (
			);
			dependencies = (
				A5B2C1EC288A9C8A00932CF4 /* PBXTargetDependency */,
			);
			name = DavidSwiftDemoUITests;
			productName = DavidSwiftDemoUITests;
			productReference = A5B2C1EA288A9C8A00932CF4 /* DavidSwiftDemoUITests.xctest */;
			productType = "com.apple.product-type.bundle.ui-testing";
		};
/* End PBXNativeTarget section */

/* Begin PBXProject section */
		A5B2C1C2288A9C8800932CF4 /* Project object */ = {
			isa = PBXProject;
			attributes = {
				BuildIndependentTargetsInParallel = 1;
				LastSwiftUpdateCheck = 1320;
				LastUpgradeCheck = 1320;
				TargetAttributes = {
					A5B2C1C9288A9C8800932CF4 = {
						CreatedOnToolsVersion = 13.2.1;
					};
					A5B2C1DF288A9C8A00932CF4 = {
						CreatedOnToolsVersion = 13.2.1;
						TestTargetID = A5B2C1C9288A9C8800932CF4;
					};
					A5B2C1E9288A9C8A00932CF4 = {
						CreatedOnToolsVersion = 13.2.1;
						TestTargetID = A5B2C1C9288A9C8800932CF4;
					};
				};
			};
			buildConfigurationList = A5B2C1C5288A9C8800932CF4 /* Build configuration list for PBXProject "DavidSwiftDemo" */;
			compatibilityVersion = "Xcode 13.0";
			developmentRegion = en;
			hasScannedForEncodings = 0;
			knownRegions = (
				en,
				Base,
			);
			mainGroup = A5B2C1C1288A9C8800932CF4;
			productRefGroup = A5B2C1CB288A9C8800932CF4 /* Products */;
			projectDirPath = "";
			projectRoot = "";
			targets = (
				A5B2C1C9288A9C8800932CF4 /* DavidSwiftDemo */,
				A5B2C1DF288A9C8A00932CF4 /* DavidSwiftDemoTests */,
				A5B2C1E9288A9C8A00932CF4 /* DavidSwiftDemoUITests */,
			);
		};
/* End PBXProject section */

/* Begin PBXResourcesBuildPhase section */
		A5B2C1C8288A9C8800932CF4 /* Resources */ = {
			isa = PBXResourcesBuildPhase;
			buildActionMask = 2147483647;
			files = (
				A5B2C1DA288A9C8A00932CF4 /* LaunchScreen.storyboard in Resources */,
				A5B2C1D7288A9C8A00932CF4 /* Assets.xcassets in Resources */,
				A5B2C1D5288A9C8800932CF4 /* Main.storyboard in Resources */,
			);
			runOnlyForDeploymentPostprocessing = 0;
		};
		A5B2C1DE288A9C8A00932CF4 /* Resources */ = {
			isa = PBXResourcesBuildPhase;
			buildActionMask = 2147483647;
			files = (
			);
			runOnlyForDeploymentPostprocessing = 0;
		};
		A5B2C1E8288A9C8A00932CF4 /* Resources */ = {
			isa = PBXResourcesBuildPhase;
			buildActionMask = 2147483647;
			files = (
			);
			runOnlyForDeploymentPostprocessing = 0;
		};
/* End PBXResourcesBuildPhase section */

/* Begin PBXShellScriptBuildPhase section */
		03204B1D6C5CE2415397B81A /* [CP] Check Pods Manifest.lock */ = {
			isa = PBXShellScriptBuildPhase;
			buildActionMask = 2147483647;
			files = (
			);
			inputFileListPaths = (
			);
			inputPaths = (
				"${PODS_PODFILE_DIR_PATH}/Podfile.lock",
				"${PODS_ROOT}/Manifest.lock",
			);
			name = "[CP] Check Pods Manifest.lock";
			outputFileListPaths = (
			);
			outputPaths = (
				"$(DERIVED_FILE_DIR)/Pods-DavidSwiftDemo-checkManifestLockResult.txt",
			);
			runOnlyForDeploymentPostprocessing = 0;
			shellPath = /bin/sh;
			shellScript = "diff \"${PODS_PODFILE_DIR_PATH}/Podfile.lock\" \"${PODS_ROOT}/Manifest.lock\" > /dev/null\nif [ $? != 0 ] ; then\n    # print error to STDERR\n    echo \"error: The sandbox is not in sync with the Podfile.lock. Run 'pod install' or update your CocoaPods installation.\" >&2\n    exit 1\nfi\n# This output is used by Xcode 'outputs' to avoid re-running this script phase.\necho \"SUCCESS\" > \"${SCRIPT_OUTPUT_FILE_0}\"\n";
			showEnvVarsInLog = 0;
		};
		6EA72D0099B1F286635E2705 /* [CP] Check Pods Manifest.lock */ = {
			isa = PBXShellScriptBuildPhase;
			buildActionMask = 2147483647;
			files = (
			);
			inputFileListPaths = (
			);
			inputPaths = (
				"${PODS_PODFILE_DIR_PATH}/Podfile.lock",
				"${PODS_ROOT}/Manifest.lock",
			);
			name = "[CP] Check Pods Manifest.lock";
			outputFileListPaths = (
			);
			outputPaths = (
				"$(DERIVED_FILE_DIR)/Pods-DavidSwiftDemo-DavidSwiftDemoUITests-checkManifestLockResult.txt",
			);
			runOnlyForDeploymentPostprocessing = 0;
			shellPath = /bin/sh;
			shellScript = "diff \"${PODS_PODFILE_DIR_PATH}/Podfile.lock\" \"${PODS_ROOT}/Manifest.lock\" > /dev/null\nif [ $? != 0 ] ; then\n    # print error to STDERR\n    echo \"error: The sandbox is not in sync with the Podfile.lock. Run 'pod install' or update your CocoaPods installation.\" >&2\n    exit 1\nfi\n# This output is used by Xcode 'outputs' to avoid re-running this script phase.\necho \"SUCCESS\" > \"${SCRIPT_OUTPUT_FILE_0}\"\n";
			showEnvVarsInLog = 0;
		};
		BA097B5E8BC42F6C470E2BBF /* [CP] Embed Pods Frameworks */ = {
			isa = PBXShellScriptBuildPhase;
			buildActionMask = 2147483647;
			files = (
			);
			inputFileListPaths = (
				"${PODS_ROOT}/Target Support Files/Pods-DavidSwiftDemo/Pods-DavidSwiftDemo-frameworks-${CONFIGURATION}-input-files.xcfilelist",
			);
			name = "[CP] Embed Pods Frameworks";
			outputFileListPaths = (
				"${PODS_ROOT}/Target Support Files/Pods-DavidSwiftDemo/Pods-DavidSwiftDemo-frameworks-${CONFIGURATION}-output-files.xcfilelist",
			);
			runOnlyForDeploymentPostprocessing = 0;
			shellPath = /bin/sh;
			shellScript = "\"${PODS_ROOT}/Target Support Files/Pods-DavidSwiftDemo/Pods-DavidSwiftDemo-frameworks.sh\"\n";
			showEnvVarsInLog = 0;
		};
		CE53DD71C7FD1B336DCD13CC /* [CP] Check Pods Manifest.lock */ = {
			isa = PBXShellScriptBuildPhase;
			buildActionMask = 2147483647;
			files = (
			);
			inputFileListPaths = (
			);
			inputPaths = (
				"${PODS_PODFILE_DIR_PATH}/Podfile.lock",
				"${PODS_ROOT}/Manifest.lock",
			);
			name = "[CP] Check Pods Manifest.lock";
			outputFileListPaths = (
			);
			outputPaths = (
				"$(DERIVED_FILE_DIR)/Pods-DavidSwiftDemoTests-checkManifestLockResult.txt",
			);
			runOnlyForDeploymentPostprocessing = 0;
			shellPath = /bin/sh;
			shellScript = "diff \"${PODS_PODFILE_DIR_PATH}/Podfile.lock\" \"${PODS_ROOT}/Manifest.lock\" > /dev/null\nif [ $? != 0 ] ; then\n    # print error to STDERR\n    echo \"error: The sandbox is not in sync with the Podfile.lock. Run 'pod install' or update your CocoaPods installation.\" >&2\n    exit 1\nfi\n# This output is used by Xcode 'outputs' to avoid re-running this script phase.\necho \"SUCCESS\" > \"${SCRIPT_OUTPUT_FILE_0}\"\n";
			showEnvVarsInLog = 0;
		};
		FDB3EC9F5060ABF5DB41F77D /* [CP] Embed Pods Frameworks */ = {
			isa = PBXShellScriptBuildPhase;
			buildActionMask = 2147483647;
			files = (
			);
			inputFileListPaths = (
				"${PODS_ROOT}/Target Support Files/Pods-DavidSwiftDemo-DavidSwiftDemoUITests/Pods-DavidSwiftDemo-DavidSwiftDemoUITests-frameworks-${CONFIGURATION}-input-files.xcfilelist",
			);
			name = "[CP] Embed Pods Frameworks";
			outputFileListPaths = (
				"${PODS_ROOT}/Target Support Files/Pods-DavidSwiftDemo-DavidSwiftDemoUITests/Pods-DavidSwiftDemo-DavidSwiftDemoUITests-frameworks-${CONFIGURATION}-output-files.xcfilelist",
			);
			runOnlyForDeploymentPostprocessing = 0;
			shellPath = /bin/sh;
			shellScript = "\"${PODS_ROOT}/Target Support Files/Pods-DavidSwiftDemo-DavidSwiftDemoUITests/Pods-DavidSwiftDemo-DavidSwiftDemoUITests-frameworks.sh\"\n";
			showEnvVarsInLog = 0;
		};
/* End PBXShellScriptBuildPhase section */

/* Begin PBXSourcesBuildPhase section */
		A5B2C1C6288A9C8800932CF4 /* Sources */ = {
			isa = PBXSourcesBuildPhase;
			buildActionMask = 2147483647;
			files = (
				A5B2C1D2288A9C8800932CF4 /* ViewController.swift in Sources */,
				A5B2C1CE288A9C8800932CF4 /* AppDelegate.swift in Sources */,
				A5B2C1D0288A9C8800932CF4 /* SceneDelegate.swift in Sources */,
			);
			runOnlyForDeploymentPostprocessing = 0;
		};
		A5B2C1DC288A9C8A00932CF4 /* Sources */ = {
			isa = PBXSourcesBuildPhase;
			buildActionMask = 2147483647;
			files = (
				A5B2C1E5288A9C8A00932CF4 /* DavidSwiftDemoTests.swift in Sources */,
			);
			runOnlyForDeploymentPostprocessing = 0;
		};
		A5B2C1E6288A9C8A00932CF4 /* Sources */ = {
			isa = PBXSourcesBuildPhase;
			buildActionMask = 2147483647;
			files = (
				A5B2C1F1288A9C8A00932CF4 /* DavidSwiftDemoUITestsLaunchTests.swift in Sources */,
				A5B2C1EF288A9C8A00932CF4 /* DavidSwiftDemoUITests.swift in Sources */,
			);
			runOnlyForDeploymentPostprocessing = 0;
		};
/* End PBXSourcesBuildPhase section */

/* Begin PBXTargetDependency section */
		A5B2C1E2288A9C8A00932CF4 /* PBXTargetDependency */ = {
			isa = PBXTargetDependency;
			target = A5B2C1C9288A9C8800932CF4 /* DavidSwiftDemo */;
			targetProxy = A5B2C1E1288A9C8A00932CF4 /* PBXContainerItemProxy */;
		};
		A5B2C1EC288A9C8A00932CF4 /* PBXTargetDependency */ = {
			isa = PBXTargetDependency;
			target = A5B2C1C9288A9C8800932CF4 /* DavidSwiftDemo */;
			targetProxy = A5B2C1EB288A9C8A00932CF4 /* PBXContainerItemProxy */;
		};
/* End PBXTargetDependency section */

/* Begin PBXVariantGroup section */
		A5B2C1D3288A9C8800932CF4 /* Main.storyboard */ = {
			isa = PBXVariantGroup;
			children = (
				A5B2C1D4288A9C8800932CF4 /* Base */,
			);
			name = Main.storyboard;
			sourceTree = "<group>";
		};
		A5B2C1D8288A9C8A00932CF4 /* LaunchScreen.storyboard */ = {
			isa = PBXVariantGroup;
			children = (
				A5B2C1D9288A9C8A00932CF4 /* Base */,
			);
			name = LaunchScreen.storyboard;
			sourceTree = "<group>";
		};
/* End PBXVariantGroup section */

/* Begin XCBuildConfiguration section */
		A5B2C1F2288A9C8A00932CF4 /* Debug */ = {
			isa = XCBuildConfiguration;
			buildSettings = {
				ALWAYS_SEARCH_USER_PATHS = NO;
				CLANG_ANALYZER_NONNULL = YES;
				CLANG_ANALYZER_NUMBER_OBJECT_CONVERSION = YES_AGGRESSIVE;
				CLANG_CXX_LANGUAGE_STANDARD = "gnu++17";
				CLANG_CXX_LIBRARY = "libc++";
				CLANG_ENABLE_MODULES = YES;
				CLANG_ENABLE_OBJC_ARC = YES;
				CLANG_ENABLE_OBJC_WEAK = YES;
				CLANG_WARN_BLOCK_CAPTURE_AUTORELEASING = YES;
				CLANG_WARN_BOOL_CONVERSION = YES;
				CLANG_WARN_COMMA = YES;
				CLANG_WARN_CONSTANT_CONVERSION = YES;
				CLANG_WARN_DEPRECATED_OBJC_IMPLEMENTATIONS = YES;
				CLANG_WARN_DIRECT_OBJC_ISA_USAGE = YES_ERROR;
				CLANG_WARN_DOCUMENTATION_COMMENTS = YES;
				CLANG_WARN_EMPTY_BODY = YES;
				CLANG_WARN_ENUM_CONVERSION = YES;
				CLANG_WARN_INFINITE_RECURSION = YES;
				CLANG_WARN_INT_CONVERSION = YES;
				CLANG_WARN_NON_LITERAL_NULL_CONVERSION = YES;
				CLANG_WARN_OBJC_IMPLICIT_RETAIN_SELF = YES;
				CLANG_WARN_OBJC_LITERAL_CONVERSION = YES;
				CLANG_WARN_OBJC_ROOT_CLASS = YES_ERROR;
				CLANG_WARN_QUOTED_INCLUDE_IN_FRAMEWORK_HEADER = YES;
				CLANG_WARN_RANGE_LOOP_ANALYSIS = YES;
				CLANG_WARN_STRICT_PROTOTYPES = YES;
				CLANG_WARN_SUSPICIOUS_MOVE = YES;
				CLANG_WARN_UNGUARDED_AVAILABILITY = YES_AGGRESSIVE;
				CLANG_WARN_UNREACHABLE_CODE = YES;
				CLANG_WARN__DUPLICATE_METHOD_MATCH = YES;
				COPY_PHASE_STRIP = NO;
				DEBUG_INFORMATION_FORMAT = dwarf;
				ENABLE_STRICT_OBJC_MSGSEND = YES;
				ENABLE_TESTABILITY = YES;
				GCC_C_LANGUAGE_STANDARD = gnu11;
				GCC_DYNAMIC_NO_PIC = NO;
				GCC_NO_COMMON_BLOCKS = YES;
				GCC_OPTIMIZATION_LEVEL = 0;
				GCC_PREPROCESSOR_DEFINITIONS = (
					"DEBUG=1",
					"$(inherited)",
				);
				GCC_WARN_64_TO_32_BIT_CONVERSION = YES;
				GCC_WARN_ABOUT_RETURN_TYPE = YES_ERROR;
				GCC_WARN_UNDECLARED_SELECTOR = YES;
				GCC_WARN_UNINITIALIZED_AUTOS = YES_AGGRESSIVE;
				GCC_WARN_UNUSED_FUNCTION = YES;
				GCC_WARN_UNUSED_VARIABLE = YES;
				IPHONEOS_DEPLOYMENT_TARGET = 15.2;
				MTL_ENABLE_DEBUG_INFO = INCLUDE_SOURCE;
				MTL_FAST_MATH = YES;
				ONLY_ACTIVE_ARCH = YES;
				SDKROOT = iphoneos;
				SWIFT_ACTIVE_COMPILATION_CONDITIONS = DEBUG;
				SWIFT_OPTIMIZATION_LEVEL = "-Onone";
			};
			name = Debug;
		};
		A5B2C1F3288A9C8A00932CF4 /* Release */ = {
			isa = XCBuildConfiguration;
			buildSettings = {
				ALWAYS_SEARCH_USER_PATHS = NO;
				CLANG_ANALYZER_NONNULL = YES;
				CLANG_ANALYZER_NUMBER_OBJECT_CONVERSION = YES_AGGRESSIVE;
				CLANG_CXX_LANGUAGE_STANDARD = "gnu++17";
				CLANG_CXX_LIBRARY = "libc++";
				CLANG_ENABLE_MODULES = YES;
				CLANG_ENABLE_OBJC_ARC = YES;
				CLANG_ENABLE_OBJC_WEAK = YES;
				CLANG_WARN_BLOCK_CAPTURE_AUTORELEASING = YES;
				CLANG_WARN_BOOL_CONVERSION = YES;
				CLANG_WARN_COMMA = YES;
				CLANG_WARN_CONSTANT_CONVERSION = YES;
				CLANG_WARN_DEPRECATED_OBJC_IMPLEMENTATIONS = YES;
				CLANG_WARN_DIRECT_OBJC_ISA_USAGE = YES_ERROR;
				CLANG_WARN_DOCUMENTATION_COMMENTS = YES;
				CLANG_WARN_EMPTY_BODY = YES;
				CLANG_WARN_ENUM_CONVERSION = YES;
				CLANG_WARN_INFINITE_RECURSION = YES;
				CLANG_WARN_INT_CONVERSION = YES;
				CLANG_WARN_NON_LITERAL_NULL_CONVERSION = YES;
				CLANG_WARN_OBJC_IMPLICIT_RETAIN_SELF = YES;
				CLANG_WARN_OBJC_LITERAL_CONVERSION = YES;
				CLANG_WARN_OBJC_ROOT_CLASS = YES_ERROR;
				CLANG_WARN_QUOTED_INCLUDE_IN_FRAMEWORK_HEADER = YES;
				CLANG_WARN_RANGE_LOOP_ANALYSIS = YES;
				CLANG_WARN_STRICT_PROTOTYPES = YES;
				CLANG_WARN_SUSPICIOUS_MOVE = YES;
				CLANG_WARN_UNGUARDED_AVAILABILITY = YES_AGGRESSIVE;
				CLANG_WARN_UNREACHABLE_CODE = YES;
				CLANG_WARN__DUPLICATE_METHOD_MATCH = YES;
				COPY_PHASE_STRIP = NO;
				DEBUG_INFORMATION_FORMAT = "dwarf-with-dsym";
				ENABLE_NS_ASSERTIONS = NO;
				ENABLE_STRICT_OBJC_MSGSEND = YES;
				GCC_C_LANGUAGE_STANDARD = gnu11;
				GCC_NO_COMMON_BLOCKS = YES;
				GCC_WARN_64_TO_32_BIT_CONVERSION = YES;
				GCC_WARN_ABOUT_RETURN_TYPE = YES_ERROR;
				GCC_WARN_UNDECLARED_SELECTOR = YES;
				GCC_WARN_UNINITIALIZED_AUTOS = YES_AGGRESSIVE;
				GCC_WARN_UNUSED_FUNCTION = YES;
				GCC_WARN_UNUSED_VARIABLE = YES;
				IPHONEOS_DEPLOYMENT_TARGET = 15.2;
				MTL_ENABLE_DEBUG_INFO = NO;
				MTL_FAST_MATH = YES;
				SDKROOT = iphoneos;
				SWIFT_COMPILATION_MODE = wholemodule;
				SWIFT_OPTIMIZATION_LEVEL = "-O";
				VALIDATE_PRODUCT = YES;
			};
			name = Release;
		};
		A5B2C1F5288A9C8A00932CF4 /* Debug */ = {
			isa = XCBuildConfiguration;
			baseConfigurationReference = C039EDC27883AEA469609744 /* Pods-DavidSwiftDemo.debug.xcconfig */;
			buildSettings = {
				ASSETCATALOG_COMPILER_APPICON_NAME = AppIcon;
				ASSETCATALOG_COMPILER_GLOBAL_ACCENT_COLOR_NAME = AccentColor;
				CODE_SIGN_STYLE = Automatic;
				CURRENT_PROJECT_VERSION = 1;
				DEVELOPMENT_TEAM = 9934CD68ND;
				GENERATE_INFOPLIST_FILE = YES;
				INFOPLIST_FILE = DavidSwiftDemo/Info.plist;
				INFOPLIST_KEY_CFBundleDisplayName = SwiftDemo;
				INFOPLIST_KEY_UIApplicationSupportsIndirectInputEvents = YES;
				INFOPLIST_KEY_UILaunchStoryboardName = LaunchScreen;
				INFOPLIST_KEY_UIMainStoryboardFile = Main;
				INFOPLIST_KEY_UISupportedInterfaceOrientations_iPad = "UIInterfaceOrientationPortrait UIInterfaceOrientationPortraitUpsideDown UIInterfaceOrientationLandscapeLeft UIInterfaceOrientationLandscapeRight";
				INFOPLIST_KEY_UISupportedInterfaceOrientations_iPhone = "UIInterfaceOrientationPortrait UIInterfaceOrientationLandscapeLeft UIInterfaceOrientationLandscapeRight";
				LD_RUNPATH_SEARCH_PATHS = (
					"$(inherited)",
					"@executable_path/Frameworks",
				);
				MARKETING_VERSION = 1.0.0;
				PRODUCT_BUNDLE_IDENTIFIER = com.ps.recycling2c;
				PRODUCT_NAME = "$(TARGET_NAME)";
				SWIFT_EMIT_LOC_STRINGS = YES;
				SWIFT_VERSION = 5.0;
				TARGETED_DEVICE_FAMILY = 1;
			};
			name = Debug;
		};
		A5B2C1F6288A9C8A00932CF4 /* Release */ = {
			isa = XCBuildConfiguration;
			baseConfigurationReference = F7D06971369228842ACD0E00 /* Pods-DavidSwiftDemo.release.xcconfig */;
			buildSettings = {
				ASSETCATALOG_COMPILER_APPICON_NAME = AppIcon;
				ASSETCATALOG_COMPILER_GLOBAL_ACCENT_COLOR_NAME = AccentColor;
				CODE_SIGN_STYLE = Automatic;
				CURRENT_PROJECT_VERSION = 1;
				DEVELOPMENT_TEAM = 9934CD68ND;
				GENERATE_INFOPLIST_FILE = YES;
				INFOPLIST_FILE = DavidSwiftDemo/Info.plist;
				INFOPLIST_KEY_CFBundleDisplayName = SwiftDemo;
				INFOPLIST_KEY_UIApplicationSupportsIndirectInputEvents = YES;
				INFOPLIST_KEY_UILaunchStoryboardName = LaunchScreen;
				INFOPLIST_KEY_UIMainStoryboardFile = Main;
				INFOPLIST_KEY_UISupportedInterfaceOrientations_iPad = "UIInterfaceOrientationPortrait UIInterfaceOrientationPortraitUpsideDown UIInterfaceOrientationLandscapeLeft UIInterfaceOrientationLandscapeRight";
				INFOPLIST_KEY_UISupportedInterfaceOrientations_iPhone = "UIInterfaceOrientationPortrait UIInterfaceOrientationLandscapeLeft UIInterfaceOrientationLandscapeRight";
				LD_RUNPATH_SEARCH_PATHS = (
					"$(inherited)",
					"@executable_path/Frameworks",
				);
				MARKETING_VERSION = 1.0.0;
				PRODUCT_BUNDLE_IDENTIFIER = com.ps.recycling2c;
				PRODUCT_NAME = "$(TARGET_NAME)";
				SWIFT_EMIT_LOC_STRINGS = YES;
				SWIFT_VERSION = 5.0;
				TARGETED_DEVICE_FAMILY = 1;
			};
			name = Release;
		};
		A5B2C1F8288A9C8A00932CF4 /* Debug */ = {
			isa = XCBuildConfiguration;
			baseConfigurationReference = 921D477E8F0B88CDCD4BF6E2 /* Pods-DavidSwiftDemoTests.debug.xcconfig */;
			buildSettings = {
				ALWAYS_EMBED_SWIFT_STANDARD_LIBRARIES = "$(inherited)";
				BUNDLE_LOADER = "$(TEST_HOST)";
				CODE_SIGN_STYLE = Automatic;
				CURRENT_PROJECT_VERSION = 1;
				DEVELOPMENT_TEAM = 9934CD68ND;
				GENERATE_INFOPLIST_FILE = YES;
				IPHONEOS_DEPLOYMENT_TARGET = 15.2;
				MARKETING_VERSION = 1.0;
				PRODUCT_BUNDLE_IDENTIFIER = huangjinlong.DavidSwiftDemoTests;
				PRODUCT_NAME = "$(TARGET_NAME)";
				SWIFT_EMIT_LOC_STRINGS = NO;
				SWIFT_VERSION = 5.0;
				TARGETED_DEVICE_FAMILY = "1,2";
				TEST_HOST = "$(BUILT_PRODUCTS_DIR)/DavidSwiftDemo.app/DavidSwiftDemo";
			};
			name = Debug;
		};
		A5B2C1F9288A9C8A00932CF4 /* Release */ = {
			isa = XCBuildConfiguration;
			baseConfigurationReference = DD2C9FD93BE4E7E03DA99D64 /* Pods-DavidSwiftDemoTests.release.xcconfig */;
			buildSettings = {
				ALWAYS_EMBED_SWIFT_STANDARD_LIBRARIES = "$(inherited)";
				BUNDLE_LOADER = "$(TEST_HOST)";
				CODE_SIGN_STYLE = Automatic;
				CURRENT_PROJECT_VERSION = 1;
				DEVELOPMENT_TEAM = 9934CD68ND;
				GENERATE_INFOPLIST_FILE = YES;
				IPHONEOS_DEPLOYMENT_TARGET = 15.2;
				MARKETING_VERSION = 1.0;
				PRODUCT_BUNDLE_IDENTIFIER = huangjinlong.DavidSwiftDemoTests;
				PRODUCT_NAME = "$(TARGET_NAME)";
				SWIFT_EMIT_LOC_STRINGS = NO;
				SWIFT_VERSION = 5.0;
				TARGETED_DEVICE_FAMILY = "1,2";
				TEST_HOST = "$(BUILT_PRODUCTS_DIR)/DavidSwiftDemo.app/DavidSwiftDemo";
			};
			name = Release;
		};
		A5B2C1FB288A9C8A00932CF4 /* Debug */ = {
			isa = XCBuildConfiguration;
			baseConfigurationReference = 3F790499DD7E917988FF371D /* Pods-DavidSwiftDemo-DavidSwiftDemoUITests.debug.xcconfig */;
			buildSettings = {
				ALWAYS_EMBED_SWIFT_STANDARD_LIBRARIES = "$(inherited)";
				CODE_SIGN_STYLE = Automatic;
				CURRENT_PROJECT_VERSION = 1;
				DEVELOPMENT_TEAM = 9934CD68ND;
				GENERATE_INFOPLIST_FILE = YES;
				MARKETING_VERSION = 1.0;
				PRODUCT_BUNDLE_IDENTIFIER = huangjinlong.DavidSwiftDemoUITests;
				PRODUCT_NAME = "$(TARGET_NAME)";
				SWIFT_EMIT_LOC_STRINGS = NO;
				SWIFT_VERSION = 5.0;
				TARGETED_DEVICE_FAMILY = "1,2";
				TEST_TARGET_NAME = DavidSwiftDemo;
			};
			name = Debug;
		};
		A5B2C1FC288A9C8A00932CF4 /* Release */ = {
			isa = XCBuildConfiguration;
			baseConfigurationReference = 29941D4D6BAB90B74E0C4A43 /* Pods-DavidSwiftDemo-DavidSwiftDemoUITests.release.xcconfig */;
			buildSettings = {
				ALWAYS_EMBED_SWIFT_STANDARD_LIBRARIES = "$(inherited)";
				CODE_SIGN_STYLE = Automatic;
				CURRENT_PROJECT_VERSION = 1;
				DEVELOPMENT_TEAM = 9934CD68ND;
				GENERATE_INFOPLIST_FILE = YES;
				MARKETING_VERSION = 1.0;
				PRODUCT_BUNDLE_IDENTIFIER = huangjinlong.DavidSwiftDemoUITests;
				PRODUCT_NAME = "$(TARGET_NAME)";
				SWIFT_EMIT_LOC_STRINGS = NO;
				SWIFT_VERSION = 5.0;
				TARGETED_DEVICE_FAMILY = "1,2";
				TEST_TARGET_NAME = DavidSwiftDemo;
			};
			name = Release;
		};
/* End XCBuildConfiguration section */

/* Begin XCConfigurationList section */
		A5B2C1C5288A9C8800932CF4 /* Build configuration list for PBXProject "DavidSwiftDemo" */ = {
			isa = XCConfigurationList;
			buildConfigurations = (
				A5B2C1F2288A9C8A00932CF4 /* Debug */,
				A5B2C1F3288A9C8A00932CF4 /* Release */,
			);
			defaultConfigurationIsVisible = 0;
			defaultConfigurationName = Release;
		};
		A5B2C1F4288A9C8A00932CF4 /* Build configuration list for PBXNativeTarget "DavidSwiftDemo" */ = {
			isa = XCConfigurationList;
			buildConfigurations = (
				A5B2C1F5288A9C8A00932CF4 /* Debug */,
				A5B2C1F6288A9C8A00932CF4 /* Release */,
			);
			defaultConfigurationIsVisible = 0;
			defaultConfigurationName = Release;
		};
		A5B2C1F7288A9C8A00932CF4 /* Build configuration list for PBXNativeTarget "DavidSwiftDemoTests" */ = {
			isa = XCConfigurationList;
			buildConfigurations = (
				A5B2C1F8288A9C8A00932CF4 /* Debug */,
				A5B2C1F9288A9C8A00932CF4 /* Release */,
			);
			defaultConfigurationIsVisible = 0;
			defaultConfigurationName = Release;
		};
		A5B2C1FA288A9C8A00932CF4 /* Build configuration list for PBXNativeTarget "DavidSwiftDemoUITests" */ = {
			isa = XCConfigurationList;
			buildConfigurations = (
				A5B2C1FB288A9C8A00932CF4 /* Debug */,
				A5B2C1FC288A9C8A00932CF4 /* Release */,
			);
			defaultConfigurationIsVisible = 0;
			defaultConfigurationName = Release;
		};
/* End XCConfigurationList section */
	};
	rootObject = A5B2C1C2288A9C8800932CF4 /* Project object */;
}
